{
  "name": "2DGameEngine",
  "lockfileVersion": 3,
  "requires": true,
  "packages": {
    "": {
      "dependencies": {
        "box2d": "^1.0.0"
      }
    },
    "node_modules/box2d": {
      "version": "1.0.0",
      "resolved": "https://registry.npmjs.org/box2d/-/box2d-1.0.0.tgz",
      "integrity": "sha512-1u+c+mlAaoBo7Yksw81o61euVpPBGaAxLphG1W48LTnLsLMTMVCKrAmCpR8pOSCGu7SjrZ++kvMXn26CzX2b3Q==",
      "engines": [
        "node"
      ]
    }
  }
}
